
Microsoft Visual Studio Solution File, Format Version 12.00
# Visual Studio Version 16
VisualStudioVersion = 16.0.31911.196
MinimumVisualStudioVersion = 10.0.40219.1
Project("{9A19103F-16F7-4668-BE54-9A1E7A4F7556}") = "KafkaConsumer", "KafkaConsumer\KafkaConsumer.csproj", "{CE74383B-46C3-411F-B356-AD3BF3B4DFD8}"
EndProject
Project("{9A19103F-16F7-4668-BE54-9A1E7A4F7556}") = "KafkaProducer", "KafkaProducer\KafkaProducer.csproj", "{89C812D6-A5A3-4979-B9B4-7D3F9E06400A}"
EndProject
Project("{FAE04EC0-301F-11D3-BF4B-00C04F79EFBC}") = "KafkaConsumer2", "KafkaConsumer2\KafkaConsumer2.csproj", "{0ED09587-3DA5-491A-AEBD-F4229547021D}"
EndProject
Global
	GlobalSection(SolutionConfigurationPlatforms) = preSolution
		Debug|Any CPU = Debug|Any CPU
		Release|Any CPU = Release|Any CPU
	EndGlobalSection
	GlobalSection(ProjectConfigurationPlatforms) = postSolution
		{CE74383B-46C3-411F-B356-AD3BF3B4DFD8}.Debug|Any CPU.ActiveCfg = Debug|Any CPU
		{CE74383B-46C3-411F-B356-AD3BF3B4DFD8}.Debug|Any CPU.Build.0 = Debug|Any CPU
		{CE74383B-46C3-411F-B356-AD3BF3B4DFD8}.Release|Any CPU.ActiveCfg = Release|Any CPU
		{CE74383B-46C3-411F-B356-AD3BF3B4DFD8}.Release|Any CPU.Build.0 = Release|Any CPU
		{89C812D6-A5A3-4979-B9B4-7D3F9E06400A}.Debug|Any CPU.ActiveCfg = Debug|Any CPU
		{89C812D6-A5A3-4979-B9B4-7D3F9E06400A}.Debug|Any CPU.Build.0 = Debug|Any CPU
		{89C812D6-A5A3-4979-B9B4-7D3F9E06400A}.Release|Any CPU.ActiveCfg = Release|Any CPU
		{89C812D6-A5A3-4979-B9B4-7D3F9E06400A}.Release|Any CPU.Build.0 = Release|Any CPU
		{0ED09587-3DA5-491A-AEBD-F4229547021D}.Debug|Any CPU.ActiveCfg = Debug|Any CPU
		{0ED09587-3DA5-491A-AEBD-F4229547021D}.Debug|Any CPU.Build.0 = Debug|Any CPU
		{0ED09587-3DA5-491A-AEBD-F4229547021D}.Release|Any CPU.ActiveCfg = Release|Any CPU
		{0ED09587-3DA5-491A-AEBD-F4229547021D}.Release|Any CPU.Build.0 = Release|Any CPU
	EndGlobalSection
	GlobalSection(SolutionProperties) = preSolution
		HideSolutionNode = FALSE
	EndGlobalSection
	GlobalSection(ExtensibilityGlobals) = postSolution
		SolutionGuid = {E5F47ADB-62CD-4EA8-B6BA-5B6BCC6F1F3D}
	EndGlobalSection
EndGlobal
